
Microsoft Visual Studio Solution File, Format Version 12.00
# Visual Studio 2012
Project("{FAE04EC0-301F-11D3-BF4B-00C04F79EFBC}") = "OnlineAnnounce", "OnlineAnnounce\OnlineAnnounce.csproj", "{51412423-5D85-496F-821A-BDC0AC8A328E}"
EndProject
Global
	GlobalSection(SolutionConfigurationPlatforms) = preSolution
		Debug|Any CPU = Debug|Any CPU
		Release|Any CPU = Release|Any CPU
	EndGlobalSection
	GlobalSection(ProjectConfigurationPlatforms) = postSolution
		{51412423-5D85-496F-821A-BDC0AC8A328E}.Debug|Any CPU.ActiveCfg = Debug|Any CPU
		{51412423-5D85-496F-821A-BDC0AC8A328E}.Debug|Any CPU.Build.0 = Debug|Any CPU
		{51412423-5D85-496F-821A-BDC0AC8A328E}.Release|Any CPU.ActiveCfg = Release|Any CPU
		{51412423-5D85-496F-821A-BDC0AC8A328E}.Release|Any CPU.Build.0 = Release|Any CPU
	EndGlobalSection
	GlobalSection(SolutionProperties) = preSolution
		HideSolutionNode = FALSE
	EndGlobalSection
EndGlobal
